{
  "version": 1,
  "dependencies": {
    "net8.0": {
      "System.Security.Cryptography.ProtectedData": {
        "type": "Transitive",
        "resolved": "9.0.0",
        "contentHash": "CJW+x/F6fmRQ7N6K8paasTw9PDZp4t7G76UjGNlSDgoHPF0h08vTzLYbLZpOLEJSg35d5wy2jCXGo84EN05DpQ=="
      },
      "exchangeadmin.contracts": {
        "type": "Project",
        "dependencies": {
          "System.Security.Cryptography.ProtectedData": "[9.0.0, )"
        }
      },
      "exchangeadmin.domain": {
        "type": "Project",
        "dependencies": {
          "ExchangeAdmin.Contracts": "[1.0.1, )"
        }
      },
      "exchangeadmin.infrastructure": {
        "type": "Project",
        "dependencies": {
          "ExchangeAdmin.Contracts": "[1.0.1, )",
          "ExchangeAdmin.Domain": "[1.0.1, )"
        }
      }
    },
    "net8.0/win-x64": {},
    "net8.0/win-x86": {}
  }
}