{
  "version": 1,
  "dependencies": {
    "net10.0": {
      "System.Security.Cryptography.ProtectedData": {
        "type": "Direct",
        "requested": "[10.0.7, )",
        "resolved": "10.0.7",
        "contentHash": "eqKW9wyPUhZi6pxy9Y0fQO/bdHROcwj0tYdmoGEPCPCtCJLFdVVAlzuuYYEnJI64HxhoXPYGhtx891g/jwN4rg=="
      }
    },
    "net10.0/win-x64": {}
  }
}